// !$*UTF8*$!
{
	archiveVersion = 1;
	classes = {
	};
	objectVersion = 50;
	objects = {

/* Begin PBXBuildFile section */
		182BC43F274E40AB00887A9C /* AppDelegate.m in Sources */ = {isa = PBXBuildFile; fileRef = 182BC43E274E40AB00887A9C /* AppDelegate.m */; };
		182BC442274E40AB00887A9C /* ViewController.m in Sources */ = {isa = PBXBuildFile; fileRef = 182BC441274E40AB00887A9C /* ViewController.m */; };
		182BC445274E40AB00887A9C /* Document.m in Sources */ = {isa = PBXBuildFile; fileRef = 182BC444274E40AB00887A9C /* Document.m */; };
		182BC447274E40AE00887A9C /* Assets.xcassets in Resources */ = {isa = PBXBuildFile; fileRef = 182BC446274E40AE00887A9C /* Assets.xcassets */; };
		182BC44A274E40AE00887A9C /* Main.storyboard in Resources */ = {isa = PBXBuildFile; fileRef = 182BC448274E40AE00887A9C /* Main.storyboard */; };
		182BC458274E40AF00887A9C /* Laboratorna_7_3Tests.m in Sources */ = {isa = PBXBuildFile; fileRef = 182BC457274E40AF00887A9C /* Laboratorna_7_3Tests.m */; };
		182BC463274E40AF00887A9C /* Laboratorna_7_3UITests.m in Sources */ = {isa = PBXBuildFile; fileRef = 182BC462274E40AF00887A9C /* Laboratorna_7_3UITests.m */; };
		182BC472274E40CE00887A9C /* Laba_7_3.cpp in Sources */ = {isa = PBXBuildFile; fileRef = 182BC470274E40CE00887A9C /* Laba_7_3.cpp */; };
/* End PBXBuildFile section */

/* Begin PBXContainerItemProxy section */
		182BC454274E40AF00887A9C /* PBXContainerItemProxy */ = {
			isa = PBXContainerItemProxy;
			containerPortal = 182BC432274E40AB00887A9C /* Project object */;
			proxyType = 1;
			remoteGlobalIDString = 182BC439274E40AB00887A9C;
			remoteInfo = Laboratorna_7.3;
		};
		182BC45F274E40AF00887A9C /* PBXContainerItemProxy */ = {
			isa = PBXContainerItemProxy;
			containerPortal = 182BC432274E40AB00887A9C /* Project object */;
			proxyType = 1;
			remoteGlobalIDString = 182BC439274E40AB00887A9C;
			remoteInfo = Laboratorna_7.3;
		};
/* End PBXContainerItemProxy section */

/* Begin PBXFileReference section */
		182BC43A274E40AB00887A9C /* Laboratorna_7.3.app */ = {isa = PBXFileReference; explicitFileType = wrapper.application; includeInIndex = 0; path = Laboratorna_7.3.app; sourceTree = BUILT_PRODUCTS_DIR; };
		182BC43D274E40AB00887A9C /* AppDelegate.h */ = {isa = PBXFileReference; lastKnownFileType = sourcecode.c.h; path = AppDelegate.h; sourceTree = "<group>"; };
		182BC43E274E40AB00887A9C /* AppDelegate.m */ = {isa = PBXFileReference; lastKnownFileType = sourcecode.c.objc; path = AppDelegate.m; sourceTree = "<group>"; };
		182BC440274E40AB00887A9C /* ViewController.h */ = {isa = PBXFileReference; lastKnownFileType = sourcecode.c.h; path = ViewController.h; sourceTree = "<group>"; };
		182BC441274E40AB00887A9C /* ViewController.m */ = {isa = PBXFileReference; lastKnownFileType = sourcecode.c.objc; path = ViewController.m; sourceTree = "<group>"; };
		182BC443274E40AB00887A9C /* Document.h */ = {isa = PBXFileReference; lastKnownFileType = sourcecode.c.h; path = Document.h; sourceTree = "<group>"; };
		182BC444274E40AB00887A9C /* Document.m */ = {isa = PBXFileReference; lastKnownFileType = sourcecode.c.objc; path = Document.m; sourceTree = "<group>"; };
		182BC446274E40AE00887A9C /* Assets.xcassets */ = {isa = PBXFileReference; lastKnownFileType = folder.assetcatalog; path = Assets.xcassets; sourceTree = "<group>"; };
		182BC449274E40AE00887A9C /* Base */ = {isa = PBXFileReference; lastKnownFileType = file.storyboard; name = Base; path = Base.lproj/Main.storyboard; sourceTree = "<group>"; };
		182BC44B274E40AE00887A9C /* Info.plist */ = {isa = PBXFileReference; lastKnownFileType = text.plist.xml; path = Info.plist; sourceTree = "<group>"; };
		182BC44E274E40AF00887A9C /* Laboratorna_7_3.entitlements */ = {isa = PBXFileReference; lastKnownFileType = text.plist.entitlements; path = Laboratorna_7_3.entitlements; sourceTree = "<group>"; };
		182BC453274E40AF00887A9C /* Laboratorna_7.3Tests.xctest */ = {isa = PBXFileReference; explicitFileType = wrapper.cfbundle; includeInIndex = 0; path = Laboratorna_7.3Tests.xctest; sourceTree = BUILT_PRODUCTS_DIR; };
		182BC457274E40AF00887A9C /* Laboratorna_7_3Tests.m */ = {isa = PBXFileReference; lastKnownFileType = sourcecode.c.objc; path = Laboratorna_7_3Tests.m; sourceTree = "<group>"; };
		182BC459274E40AF00887A9C /* Info.plist */ = {isa = PBXFileReference; lastKnownFileType = text.plist.xml; path = Info.plist; sourceTree = "<group>"; };
		182BC45E274E40AF00887A9C /* Laboratorna_7.3UITests.xctest */ = {isa = PBXFileReference; explicitFileType = wrapper.cfbundle; includeInIndex = 0; path = Laboratorna_7.3UITests.xctest; sourceTree = BUILT_PRODUCTS_DIR; };
		182BC462274E40AF00887A9C /* Laboratorna_7_3UITests.m */ = {isa = PBXFileReference; lastKnownFileType = sourcecode.c.objc; path = Laboratorna_7_3UITests.m; sourceTree = "<group>"; };
		182BC464274E40AF00887A9C /* Info.plist */ = {isa = PBXFileReference; lastKnownFileType = text.plist.xml; path = Info.plist; sourceTree = "<group>"; };
		182BC470274E40CE00887A9C /* Laba_7_3.cpp */ = {isa = PBXFileReference; lastKnownFileType = sourcecode.cpp.cpp; path = Laba_7_3.cpp; sourceTree = "<group>"; };
		182BC471274E40CE00887A9C /* Laba_7_3.hpp */ = {isa = PBXFileReference; lastKnownFileType = sourcecode.cpp.h; path = Laba_7_3.hpp; sourceTree = "<group>"; };
/* End PBXFileReference section */

/* Begin PBXFrameworksBuildPhase section */
		182BC437274E40AB00887A9C /* Frameworks */ = {
			isa = PBXFrameworksBuildPhase;
			buildActionMask = 2147483647;
			files = (
			);
			runOnlyForDeploymentPostprocessing = 0;
		};
		182BC450274E40AF00887A9C /* Frameworks */ = {
			isa = PBXFrameworksBuildPhase;
			buildActionMask = 2147483647;
			files = (
			);
			runOnlyForDeploymentPostprocessing = 0;
		};
		182BC45B274E40AF00887A9C /* Frameworks */ = {
			isa = PBXFrameworksBuildPhase;
			buildActionMask = 2147483647;
			files = (
			);
			runOnlyForDeploymentPostprocessing = 0;
		};
/* End PBXFrameworksBuildPhase section */

/* Begin PBXGroup section */
		182BC431274E40AB00887A9C = {
			isa = PBXGroup;
			children = (
				182BC470274E40CE00887A9C /* Laba_7_3.cpp */,
				182BC471274E40CE00887A9C /* Laba_7_3.hpp */,
				182BC43C274E40AB00887A9C /* Laboratorna_7.3 */,
				182BC456274E40AF00887A9C /* Laboratorna_7.3Tests */,
				182BC461274E40AF00887A9C /* Laboratorna_7.3UITests */,
				182BC43B274E40AB00887A9C /* Products */,
			);
			sourceTree = "<group>";
		};
		182BC43B274E40AB00887A9C /* Products */ = {
			isa = PBXGroup;
			children = (
				182BC43A274E40AB00887A9C /* Laboratorna_7.3.app */,
				182BC453274E40AF00887A9C /* Laboratorna_7.3Tests.xctest */,
				182BC45E274E40AF00887A9C /* Laboratorna_7.3UITests.xctest */,
			);
			name = Products;
			sourceTree = "<group>";
		};
		182BC43C274E40AB00887A9C /* Laboratorna_7.3 */ = {
			isa = PBXGroup;
			children = (
				182BC43D274E40AB00887A9C /* AppDelegate.h */,
				182BC43E274E40AB00887A9C /* AppDelegate.m */,
				182BC440274E40AB00887A9C /* ViewController.h */,
				182BC441274E40AB00887A9C /* ViewController.m */,
				182BC443274E40AB00887A9C /* Document.h */,
				182BC444274E40AB00887A9C /* Document.m */,
				182BC446274E40AE00887A9C /* Assets.xcassets */,
				182BC448274E40AE00887A9C /* Main.storyboard */,
				182BC44B274E40AE00887A9C /* Info.plist */,
				182BC44E274E40AF00887A9C /* Laboratorna_7_3.entitlements */,
			);
			path = Laboratorna_7.3;
			sourceTree = "<group>";
		};
		182BC456274E40AF00887A9C /* Laboratorna_7.3Tests */ = {
			isa = PBXGroup;
			children = (
				182BC457274E40AF00887A9C /* Laboratorna_7_3Tests.m */,
				182BC459274E40AF00887A9C /* Info.plist */,
			);
			path = Laboratorna_7.3Tests;
			sourceTree = "<group>";
		};
		182BC461274E40AF00887A9C /* Laboratorna_7.3UITests */ = {
			isa = PBXGroup;
			children = (
				182BC462274E40AF00887A9C /* Laboratorna_7_3UITests.m */,
				182BC464274E40AF00887A9C /* Info.plist */,
			);
			path = Laboratorna_7.3UITests;
			sourceTree = "<group>";
		};
/* End PBXGroup section */

/* Begin PBXNativeTarget section */
		182BC439274E40AB00887A9C /* Laboratorna_7.3 */ = {
			isa = PBXNativeTarget;
			buildConfigurationList = 182BC467274E40AF00887A9C /* Build configuration list for PBXNativeTarget "Laboratorna_7.3" */;
			buildPhases = (
				182BC436274E40AB00887A9C /* Sources */,
				182BC437274E40AB00887A9C /* Frameworks */,
				182BC438274E40AB00887A9C /* Resources */,
			);
			buildRules = (
			);
			dependencies = (
			);
			name = Laboratorna_7.3;
			productName = Laboratorna_7.3;
			productReference = 182BC43A274E40AB00887A9C /* Laboratorna_7.3.app */;
			productType = "com.apple.product-type.application";
		};
		182BC452274E40AF00887A9C /* Laboratorna_7.3Tests */ = {
			isa = PBXNativeTarget;
			buildConfigurationList = 182BC46A274E40AF00887A9C /* Build configuration list for PBXNativeTarget "Laboratorna_7.3Tests" */;
			buildPhases = (
				182BC44F274E40AF00887A9C /* Sources */,
				182BC450274E40AF00887A9C /* Frameworks */,
				182BC451274E40AF00887A9C /* Resources */,
			);
			buildRules = (
			);
			dependencies = (
				182BC455274E40AF00887A9C /* PBXTargetDependency */,
			);
			name = Laboratorna_7.3Tests;
			productName = Laboratorna_7.3Tests;
			productReference = 182BC453274E40AF00887A9C /* Laboratorna_7.3Tests.xctest */;
			productType = "com.apple.product-type.bundle.unit-test";
		};
		182BC45D274E40AF00887A9C /* Laboratorna_7.3UITests */ = {
			isa = PBXNativeTarget;
			buildConfigurationList = 182BC46D274E40AF00887A9C /* Build configuration list for PBXNativeTarget "Laboratorna_7.3UITests" */;
			buildPhases = (
				182BC45A274E40AF00887A9C /* Sources */,
				182BC45B274E40AF00887A9C /* Frameworks */,
				182BC45C274E40AF00887A9C /* Resources */,
			);
			buildRules = (
			);
			dependencies = (
				182BC460274E40AF00887A9C /* PBXTargetDependency */,
			);
			name = Laboratorna_7.3UITests;
			productName = Laboratorna_7.3UITests;
			productReference = 182BC45E274E40AF00887A9C /* Laboratorna_7.3UITests.xctest */;
			productType = "com.apple.product-type.bundle.ui-testing";
		};
/* End PBXNativeTarget section */

/* Begin PBXProject section */
		182BC432274E40AB00887A9C /* Project object */ = {
			isa = PBXProject;
			attributes = {
				LastUpgradeCheck = 1250;
				TargetAttributes = {
					182BC439274E40AB00887A9C = {
						CreatedOnToolsVersion = 12.5.1;
					};
					182BC452274E40AF00887A9C = {
						CreatedOnToolsVersion = 12.5.1;
						TestTargetID = 182BC439274E40AB00887A9C;
					};
					182BC45D274E40AF00887A9C = {
						CreatedOnToolsVersion = 12.5.1;
						TestTargetID = 182BC439274E40AB00887A9C;
					};
				};
			};
			buildConfigurationList = 182BC435274E40AB00887A9C /* Build configuration list for PBXProject "Laboratorna_7.3" */;
			compatibilityVersion = "Xcode 9.3";
			developmentRegion = en;
			hasScannedForEncodings = 0;
			knownRegions = (
				en,
				Base,
			);
			mainGroup = 182BC431274E40AB00887A9C;
			productRefGroup = 182BC43B274E40AB00887A9C /* Products */;
			projectDirPath = "";
			projectRoot = "";
			targets = (
				182BC439274E40AB00887A9C /* Laboratorna_7.3 */,
				182BC452274E40AF00887A9C /* Laboratorna_7.3Tests */,
				182BC45D274E40AF00887A9C /* Laboratorna_7.3UITests */,
			);
		};
/* End PBXProject section */

/* Begin PBXResourcesBuildPhase section */
		182BC438274E40AB00887A9C /* Resources */ = {
			isa = PBXResourcesBuildPhase;
			buildActionMask = 2147483647;
			files = (
				182BC447274E40AE00887A9C /* Assets.xcassets in Resources */,
				182BC44A274E40AE00887A9C /* Main.storyboard in Resources */,
			);
			runOnlyForDeploymentPostprocessing = 0;
		};
		182BC451274E40AF00887A9C /* Resources */ = {
			isa = PBXResourcesBuildPhase;
			buildActionMask = 2147483647;
			files = (
			);
			runOnlyForDeploymentPostprocessing = 0;
		};
		182BC45C274E40AF00887A9C /* Resources */ = {
			isa = PBXResourcesBuildPhase;
			buildActionMask = 2147483647;
			files = (
			);
			runOnlyForDeploymentPostprocessing = 0;
		};
/* End PBXResourcesBuildPhase section */

/* Begin PBXSourcesBuildPhase section */
		182BC436274E40AB00887A9C /* Sources */ = {
			isa = PBXSourcesBuildPhase;
			buildActionMask = 2147483647;
			files = (
				182BC445274E40AB00887A9C /* Document.m in Sources */,
				182BC472274E40CE00887A9C /* Laba_7_3.cpp in Sources */,
				182BC442274E40AB00887A9C /* ViewController.m in Sources */,
				182BC43F274E40AB00887A9C /* AppDelegate.m in Sources */,
			);
			runOnlyForDeploymentPostprocessing = 0;
		};
		182BC44F274E40AF00887A9C /* Sources */ = {
			isa = PBXSourcesBuildPhase;
			buildActionMask = 2147483647;
			files = (
				182BC458274E40AF00887A9C /* Laboratorna_7_3Tests.m in Sources */,
			);
			runOnlyForDeploymentPostprocessing = 0;
		};
		182BC45A274E40AF00887A9C /* Sources */ = {
			isa = PBXSourcesBuildPhase;
			buildActionMask = 2147483647;
			files = (
				182BC463274E40AF00887A9C /* Laboratorna_7_3UITests.m in Sources */,
			);
			runOnlyForDeploymentPostprocessing = 0;
		};
/* End PBXSourcesBuildPhase section */

/* Begin PBXTargetDependency section */
		182BC455274E40AF00887A9C /* PBXTargetDependency */ = {
			isa = PBXTargetDependency;
			target = 182BC439274E40AB00887A9C /* Laboratorna_7.3 */;
			targetProxy = 182BC454274E40AF00887A9C /* PBXContainerItemProxy */;
		};
		182BC460274E40AF00887A9C /* PBXTargetDependency */ = {
			isa = PBXTargetDependency;
			target = 182BC439274E40AB00887A9C /* Laboratorna_7.3 */;
			targetProxy = 182BC45F274E40AF00887A9C /* PBXContainerItemProxy */;
		};
/* End PBXTargetDependency section */

/* Begin PBXVariantGroup section */
		182BC448274E40AE00887A9C /* Main.storyboard */ = {
			isa = PBXVariantGroup;
			children = (
				182BC449274E40AE00887A9C /* Base */,
			);
			name = Main.storyboard;
			sourceTree = "<group>";
		};
/* End PBXVariantGroup section */

/* Begin XCBuildConfiguration section */
		182BC465274E40AF00887A9C /* Debug */ = {
			isa = XCBuildConfiguration;
			buildSettings = {
				ALWAYS_SEARCH_USER_PATHS = NO;
				CLANG_ANALYZER_NONNULL = YES;
				CLANG_ANALYZER_NUMBER_OBJECT_CONVERSION = YES_AGGRESSIVE;
				CLANG_CXX_LANGUAGE_STANDARD = "gnu++14";
				CLANG_CXX_LIBRARY = "libc++";
				CLANG_ENABLE_MODULES = YES;
				CLANG_ENABLE_OBJC_ARC = YES;
				CLANG_ENABLE_OBJC_WEAK = YES;
				CLANG_WARN_BLOCK_CAPTURE_AUTORELEASING = YES;
				CLANG_WARN_BOOL_CONVERSION = YES;
				CLANG_WARN_COMMA = YES;
				CLANG_WARN_CONSTANT_CONVERSION = YES;
				CLANG_WARN_DEPRECATED_OBJC_IMPLEMENTATIONS = YES;
				CLANG_WARN_DIRECT_OBJC_ISA_USAGE = YES_ERROR;
				CLANG_WARN_DOCUMENTATION_COMMENTS = YES;
				CLANG_WARN_EMPTY_BODY = YES;
				CLANG_WARN_ENUM_CONVERSION = YES;
				CLANG_WARN_INFINITE_RECURSION = YES;
				CLANG_WARN_INT_CONVERSION = YES;
				CLANG_WARN_NON_LITERAL_NULL_CONVERSION = YES;
				CLANG_WARN_OBJC_IMPLICIT_RETAIN_SELF = YES;
				CLANG_WARN_OBJC_LITERAL_CONVERSION = YES;
				CLANG_WARN_OBJC_ROOT_CLASS = YES_ERROR;
				CLANG_WARN_QUOTED_INCLUDE_IN_FRAMEWORK_HEADER = YES;
				CLANG_WARN_RANGE_LOOP_ANALYSIS = YES;
				CLANG_WARN_STRICT_PROTOTYPES = YES;
				CLANG_WARN_SUSPICIOUS_MOVE = YES;
				CLANG_WARN_UNGUARDED_AVAILABILITY = YES_AGGRESSIVE;
				CLANG_WARN_UNREACHABLE_CODE = YES;
				CLANG_WARN__DUPLICATE_METHOD_MATCH = YES;
				COPY_PHASE_STRIP = NO;
				DEBUG_INFORMATION_FORMAT = dwarf;
				ENABLE_STRICT_OBJC_MSGSEND = YES;
				ENABLE_TESTABILITY = YES;
				GCC_C_LANGUAGE_STANDARD = gnu11;
				GCC_DYNAMIC_NO_PIC = NO;
				GCC_NO_COMMON_BLOCKS = YES;
				GCC_OPTIMIZATION_LEVEL = 0;
				GCC_PREPROCESSOR_DEFINITIONS = (
					"DEBUG=1",
					"$(inherited)",
				);
				GCC_WARN_64_TO_32_BIT_CONVERSION = YES;
				GCC_WARN_ABOUT_RETURN_TYPE = YES_ERROR;
				GCC_WARN_UNDECLARED_SELECTOR = YES;
				GCC_WARN_UNINITIALIZED_AUTOS = YES_AGGRESSIVE;
				GCC_WARN_UNUSED_FUNCTION = YES;
				GCC_WARN_UNUSED_VARIABLE = YES;
				MACOSX_DEPLOYMENT_TARGET = 11.3;
				MTL_ENABLE_DEBUG_INFO = INCLUDE_SOURCE;
				MTL_FAST_MATH = YES;
				ONLY_ACTIVE_ARCH = YES;
				SDKROOT = macosx;
			};
			name = Debug;
		};
		182BC466274E40AF00887A9C /* Release */ = {
			isa = XCBuildConfiguration;
			buildSettings = {
				ALWAYS_SEARCH_USER_PATHS = NO;
				CLANG_ANALYZER_NONNULL = YES;
				CLANG_ANALYZER_NUMBER_OBJECT_CONVERSION = YES_AGGRESSIVE;
				CLANG_CXX_LANGUAGE_STANDARD = "gnu++14";
				CLANG_CXX_LIBRARY = "libc++";
				CLANG_ENABLE_MODULES = YES;
				CLANG_ENABLE_OBJC_ARC = YES;
				CLANG_ENABLE_OBJC_WEAK = YES;
				CLANG_WARN_BLOCK_CAPTURE_AUTORELEASING = YES;
				CLANG_WARN_BOOL_CONVERSION = YES;
				CLANG_WARN_COMMA = YES;
				CLANG_WARN_CONSTANT_CONVERSION = YES;
				CLANG_WARN_DEPRECATED_OBJC_IMPLEMENTATIONS = YES;
				CLANG_WARN_DIRECT_OBJC_ISA_USAGE = YES_ERROR;
				CLANG_WARN_DOCUMENTATION_COMMENTS = YES;
				CLANG_WARN_EMPTY_BODY = YES;
				CLANG_WARN_ENUM_CONVERSION = YES;
				CLANG_WARN_INFINITE_RECURSION = YES;
				CLANG_WARN_INT_CONVERSION = YES;
				CLANG_WARN_NON_LITERAL_NULL_CONVERSION = YES;
				CLANG_WARN_OBJC_IMPLICIT_RETAIN_SELF = YES;
				CLANG_WARN_OBJC_LITERAL_CONVERSION = YES;
				CLANG_WARN_OBJC_ROOT_CLASS = YES_ERROR;
				CLANG_WARN_QUOTED_INCLUDE_IN_FRAMEWORK_HEADER = YES;
				CLANG_WARN_RANGE_LOOP_ANALYSIS = YES;
				CLANG_WARN_STRICT_PROTOTYPES = YES;
				CLANG_WARN_SUSPICIOUS_MOVE = YES;
				CLANG_WARN_UNGUARDED_AVAILABILITY = YES_AGGRESSIVE;
				CLANG_WARN_UNREACHABLE_CODE = YES;
				CLANG_WARN__DUPLICATE_METHOD_MATCH = YES;
				COPY_PHASE_STRIP = NO;
				DEBUG_INFORMATION_FORMAT = "dwarf-with-dsym";
				ENABLE_NS_ASSERTIONS = NO;
				ENABLE_STRICT_OBJC_MSGSEND = YES;
				GCC_C_LANGUAGE_STANDARD = gnu11;
				GCC_NO_COMMON_BLOCKS = YES;
				GCC_WARN_64_TO_32_BIT_CONVERSION = YES;
				GCC_WARN_ABOUT_RETURN_TYPE = YES_ERROR;
				GCC_WARN_UNDECLARED_SELECTOR = YES;
				GCC_WARN_UNINITIALIZED_AUTOS = YES_AGGRESSIVE;
				GCC_WARN_UNUSED_FUNCTION = YES;
				GCC_WARN_UNUSED_VARIABLE = YES;
				MACOSX_DEPLOYMENT_TARGET = 11.3;
				MTL_ENABLE_DEBUG_INFO = NO;
				MTL_FAST_MATH = YES;
				SDKROOT = macosx;
			};
			name = Release;
		};
		182BC468274E40AF00887A9C /* Debug */ = {
			isa = XCBuildConfiguration;
			buildSettings = {
				ASSETCATALOG_COMPILER_APPICON_NAME = AppIcon;
				ASSETCATALOG_COMPILER_GLOBAL_ACCENT_COLOR_NAME = AccentColor;
				CODE_SIGN_ENTITLEMENTS = Laboratorna_7.3/Laboratorna_7_3.entitlements;
				CODE_SIGN_STYLE = Automatic;
				COMBINE_HIDPI_IMAGES = YES;
				INFOPLIST_FILE = Laboratorna_7.3/Info.plist;
				LD_RUNPATH_SEARCH_PATHS = (
					"$(inherited)",
					"@executable_path/../Frameworks",
				);
				PRODUCT_BUNDLE_IDENTIFIER = "-.Laboratorna-7-3";
				PRODUCT_NAME = "$(TARGET_NAME)";
			};
			name = Debug;
		};
		182BC469274E40AF00887A9C /* Release */ = {
			isa = XCBuildConfiguration;
			buildSettings = {
				ASSETCATALOG_COMPILER_APPICON_NAME = AppIcon;
				ASSETCATALOG_COMPILER_GLOBAL_ACCENT_COLOR_NAME = AccentColor;
				CODE_SIGN_ENTITLEMENTS = Laboratorna_7.3/Laboratorna_7_3.entitlements;
				CODE_SIGN_STYLE = Automatic;
				COMBINE_HIDPI_IMAGES = YES;
				INFOPLIST_FILE = Laboratorna_7.3/Info.plist;
				LD_RUNPATH_SEARCH_PATHS = (
					"$(inherited)",
					"@executable_path/../Frameworks",
				);
				PRODUCT_BUNDLE_IDENTIFIER = "-.Laboratorna-7-3";
				PRODUCT_NAME = "$(TARGET_NAME)";
			};
			name = Release;
		};
		182BC46B274E40AF00887A9C /* Debug */ = {
			isa = XCBuildConfiguration;
			buildSettings = {
				BUNDLE_LOADER = "$(TEST_HOST)";
				CODE_SIGN_STYLE = Automatic;
				COMBINE_HIDPI_IMAGES = YES;
				INFOPLIST_FILE = Laboratorna_7.3Tests/Info.plist;
				LD_RUNPATH_SEARCH_PATHS = (
					"$(inherited)",
					"@executable_path/../Frameworks",
					"@loader_path/../Frameworks",
				);
				MACOSX_DEPLOYMENT_TARGET = 11.3;
				PRODUCT_BUNDLE_IDENTIFIER = "-.Laboratorna-7-3Tests";
				PRODUCT_NAME = "$(TARGET_NAME)";
				TEST_HOST = "$(BUILT_PRODUCTS_DIR)/Laboratorna_7.3.app/Contents/MacOS/Laboratorna_7.3";
			};
			name = Debug;
		};
		182BC46C274E40AF00887A9C /* Release */ = {
			isa = XCBuildConfiguration;
			buildSettings = {
				BUNDLE_LOADER = "$(TEST_HOST)";
				CODE_SIGN_STYLE = Automatic;
				COMBINE_HIDPI_IMAGES = YES;
				INFOPLIST_FILE = Laboratorna_7.3Tests/Info.plist;
				LD_RUNPATH_SEARCH_PATHS = (
					"$(inherited)",
					"@executable_path/../Frameworks",
					"@loader_path/../Frameworks",
				);
				MACOSX_DEPLOYMENT_TARGET = 11.3;
				PRODUCT_BUNDLE_IDENTIFIER = "-.Laboratorna-7-3Tests";
				PRODUCT_NAME = "$(TARGET_NAME)";
				TEST_HOST = "$(BUILT_PRODUCTS_DIR)/Laboratorna_7.3.app/Contents/MacOS/Laboratorna_7.3";
			};
			name = Release;
		};
		182BC46E274E40AF00887A9C /* Debug */ = {
			isa = XCBuildConfiguration;
			buildSettings = {
				CODE_SIGN_STYLE = Automatic;
				COMBINE_HIDPI_IMAGES = YES;
				INFOPLIST_FILE = Laboratorna_7.3UITests/Info.plist;
				LD_RUNPATH_SEARCH_PATHS = (
					"$(inherited)",
					"@executable_path/../Frameworks",
					"@loader_path/../Frameworks",
				);
				PRODUCT_BUNDLE_IDENTIFIER = "-.Laboratorna-7-3UITests";
				PRODUCT_NAME = "$(TARGET_NAME)";
				TEST_TARGET_NAME = Laboratorna_7.3;
			};
			name = Debug;
		};
		182BC46F274E40AF00887A9C /* Release */ = {
			isa = XCBuildConfiguration;
			buildSettings = {
				CODE_SIGN_STYLE = Automatic;
				COMBINE_HIDPI_IMAGES = YES;
				INFOPLIST_FILE = Laboratorna_7.3UITests/Info.plist;
				LD_RUNPATH_SEARCH_PATHS = (
					"$(inherited)",
					"@executable_path/../Frameworks",
					"@loader_path/../Frameworks",
				);
				PRODUCT_BUNDLE_IDENTIFIER = "-.Laboratorna-7-3UITests";
				PRODUCT_NAME = "$(TARGET_NAME)";
				TEST_TARGET_NAME = Laboratorna_7.3;
			};
			name = Release;
		};
/* End XCBuildConfiguration section */

/* Begin XCConfigurationList section */
		182BC435274E40AB00887A9C /* Build configuration list for PBXProject "Laboratorna_7.3" */ = {
			isa = XCConfigurationList;
			buildConfigurations = (
				182BC465274E40AF00887A9C /* Debug */,
				182BC466274E40AF00887A9C /* Release */,
			);
			defaultConfigurationIsVisible = 0;
			defaultConfigurationName = Release;
		};
		182BC467274E40AF00887A9C /* Build configuration list for PBXNativeTarget "Laboratorna_7.3" */ = {
			isa = XCConfigurationList;
			buildConfigurations = (
				182BC468274E40AF00887A9C /* Debug */,
				182BC469274E40AF00887A9C /* Release */,
			);
			defaultConfigurationIsVisible = 0;
			defaultConfigurationName = Release;
		};
		182BC46A274E40AF00887A9C /* Build configuration list for PBXNativeTarget "Laboratorna_7.3Tests" */ = {
			isa = XCConfigurationList;
			buildConfigurations = (
				182BC46B274E40AF00887A9C /* Debug */,
				182BC46C274E40AF00887A9C /* Release */,
			);
			defaultConfigurationIsVisible = 0;
			defaultConfigurationName = Release;
		};
		182BC46D274E40AF00887A9C /* Build configuration list for PBXNativeTarget "Laboratorna_7.3UITests" */ = {
			isa = XCConfigurationList;
			buildConfigurations = (
				182BC46E274E40AF00887A9C /* Debug */,
				182BC46F274E40AF00887A9C /* Release */,
			);
			defaultConfigurationIsVisible = 0;
			defaultConfigurationName = Release;
		};
/* End XCConfigurationList section */
	};
	rootObject = 182BC432274E40AB00887A9C /* Project object */;
}
